# This file is automatically @generated by Cargo.
# It is not intended for manual editing.
version = 4

[[package]]
name = "bench"
version = "0.0.0"

[[package]]
name = "catalogue"
version = "0.0.0"

[[package]]
name = "corpus"
version = "0.0.0"

[[package]]
name = "culling"
version = "0.0.0"
dependencies = [
 "catalogue",
 "foreign",
]

[[package]]
name = "docs-lint"
version = "0.0.0"

[[package]]
name = "foreign"
version = "0.0.0"

[[package]]
name = "ingest"
version = "0.0.0"
dependencies = [
 "catalogue",
 "foreign",
]

[[package]]
name = "lichttisch"
version = "0.0.0"
dependencies = [
 "catalogue",
 "ingest",
 "session",
 "surface",
]

[[package]]
name = "pr-hygiene"
version = "0.0.0"

[[package]]
name = "session"
version = "0.0.0"
dependencies = [
 "catalogue",
 "culling",
]

[[package]]
name = "surface"
version = "0.0.0"
dependencies = [
 "session",
]
